{
  "nodes": {
    "nix-functions": {
      "inputs": {
        "nixpkgs": [
          "nixpkgs"
        ]
      },
      "locked": {
        "lastModified": 1720955990,
        "narHash": "sha256-SE60wfkmHmpWNVyj5lnbY1k5T9dBZo+6xS3DCpTBh28=",
        "owner": "probablyrohan",
        "repo": "nix-functions",
        "rev": "4fb462e4e0ee7b8f39001477f92ee2f5c01ce0b7",
        "type": "github"
      },
      "original": {
        "owner": "probablyrohan",
        "repo": "nix-functions",
        "type": "github"
      }
    },
    "nixpkgs": {
      "locked": {
        "lastModified": 1727348695,
        "narHash": "sha256-J+PeFKSDV+pHL7ukkfpVzCOO7mBSrrpJ3svwBFABbhI=",
        "owner": "nixos",
        "repo": "nixpkgs",
        "rev": "1925c603f17fc89f4c8f6bf6f631a802ad85d784",
        "type": "github"
      },
      "original": {
        "owner": "nixos",
        "ref": "nixos-unstable",
        "repo": "nixpkgs",
        "type": "github"
      }
    },
    "root": {
      "inputs": {
        "nix-functions": "nix-functions",
        "nixpkgs": "nixpkgs"
      }
    }
  },
  "root": "root",
  "version": 7
}
