{
  "nodes": {
    "nix-functions": {
      "inputs": {
        "nixpkgs": [
          "nixpkgs"
        ]
      },
      "locked": {
        "lastModified": 1720955990,
        "narHash": "sha256-SE60wfkmHmpWNVyj5lnbY1k5T9dBZo+6xS3DCpTBh28=",
        "owner": "probablyrohan",
        "repo": "nix-functions",
        "rev": "4fb462e4e0ee7b8f39001477f92ee2f5c01ce0b7",
        "type": "github"
      },
      "original": {
        "owner": "probablyrohan",
        "repo": "nix-functions",
        "type": "github"
      }
    },
    "nixpkgs": {
      "locked": {
        "lastModified": 1723637854,
        "narHash": "sha256-med8+5DSWa2UnOqtdICndjDAEjxr5D7zaIiK4pn0Q7c=",
        "owner": "nixos",
        "repo": "nixpkgs",
        "rev": "c3aa7b8938b17aebd2deecf7be0636000d62a2b9",
        "type": "github"
      },
      "original": {
        "owner": "nixos",
        "ref": "nixos-unstable",
        "repo": "nixpkgs",
        "type": "github"
      }
    },
    "root": {
      "inputs": {
        "nix-functions": "nix-functions",
        "nixpkgs": "nixpkgs"
      }
    }
  },
  "root": "root",
  "version": 7
}
