{
  "nodes": {
    "nix-functions": {
      "inputs": {
        "nixpkgs": [
          "nixpkgs"
        ]
      },
      "locked": {
        "lastModified": 1720955990,
        "narHash": "sha256-SE60wfkmHmpWNVyj5lnbY1k5T9dBZo+6xS3DCpTBh28=",
        "owner": "probablyrohan",
        "repo": "nix-functions",
        "rev": "4fb462e4e0ee7b8f39001477f92ee2f5c01ce0b7",
        "type": "github"
      },
      "original": {
        "owner": "probablyrohan",
        "repo": "nix-functions",
        "type": "github"
      }
    },
    "nixpkgs": {
      "locked": {
        "lastModified": 1729665710,
        "narHash": "sha256-AlcmCXJZPIlO5dmFzV3V2XF6x/OpNWUV8Y/FMPGd8Z4=",
        "owner": "nixos",
        "repo": "nixpkgs",
        "rev": "2768c7d042a37de65bb1b5b3268fc987e534c49d",
        "type": "github"
      },
      "original": {
        "owner": "nixos",
        "ref": "nixos-unstable",
        "repo": "nixpkgs",
        "type": "github"
      }
    },
    "root": {
      "inputs": {
        "nix-functions": "nix-functions",
        "nixpkgs": "nixpkgs"
      }
    }
  },
  "root": "root",
  "version": 7
}
